// !$*UTF8*$!
{
	archiveVersion = 1;
	classes = {
	};
	objectVersion = 77;
	objects = {

/* Begin PBXBuildFile section */
		030571207C6334BD9786559F /* InstrumentationJourneyApp.swift in Sources */ = {isa = PBXBuildFile; fileRef = 638F92A7871B2C20B04506D0 /* InstrumentationJourneyApp.swift */; };
		05D14096A1D3A2082909368A /* ChapterCard.swift in Sources */ = {isa = PBXBuildFile; fileRef = 6A258F516014DCE8BE5091B8 /* ChapterCard.swift */; };
		2D135C2EF9DAD22E9B228CF6 /* AppTheme.swift in Sources */ = {isa = PBXBuildFile; fileRef = E5881AFBF1E1965D62977222 /* AppTheme.swift */; };
		391A26A1A64813279C2BF48C /* ChapterRegistry.swift in Sources */ = {isa = PBXBuildFile; fileRef = 79DB91F498BC4871BD807989 /* ChapterRegistry.swift */; };
		3B58DE54140AA9FFCC45E734 /* ProgressRepository.swift in Sources */ = {isa = PBXBuildFile; fileRef = 3B79B6365E65B145931C9A0A /* ProgressRepository.swift */; };
		455F59E6A346CC18D67B279D /* TerminalLabel.swift in Sources */ = {isa = PBXBuildFile; fileRef = 747FCA2B1D2E6A91C97C76D5 /* TerminalLabel.swift */; };
		48B5B2AE4DD02D011AF5875A /* Assets.xcassets in Resources */ = {isa = PBXBuildFile; fileRef = 70184EDA058FBDC3E22BD10C /* Assets.xcassets */; };
		4932F6616D87297F0E469389 /* SecretAssembler.swift in Sources */ = {isa = PBXBuildFile; fileRef = 5549AD17C2A6DB3BD1149625 /* SecretAssembler.swift */; };
		7EA5BC6B2EB61D186C1C85BC /* ChapterMetadata.swift in Sources */ = {isa = PBXBuildFile; fileRef = 34B5CC642BD6C1121DCDA652 /* ChapterMetadata.swift */; };
		AC66095548910E2A76268BE3 /* HomeViewModel.swift in Sources */ = {isa = PBXBuildFile; fileRef = 3F9A81C5040DC55B7E54F9A6 /* HomeViewModel.swift */; };
		B7787C11899DE6758AA504EE /* ChallengeViewModel.swift in Sources */ = {isa = PBXBuildFile; fileRef = 301881456F5380EA9BF5401D /* ChallengeViewModel.swift */; };
		BF42A4018051FD7C53048F47 /* AchievementView.swift in Sources */ = {isa = PBXBuildFile; fileRef = CDF9D955C722BD15B7C7D01D /* AchievementView.swift */; };
		C8B2504B0AA8CBD66CF553DA /* ChallengeView.swift in Sources */ = {isa = PBXBuildFile; fileRef = E4E6B25AC680A5713B9E4603 /* ChallengeView.swift */; };
		E56AC41D78282DC2BB138486 /* HomeView.swift in Sources */ = {isa = PBXBuildFile; fileRef = 5E215B185C2AF8C03ACA3AFA /* HomeView.swift */; };
		F72CF36F566776B91B0A46F1 /* Challenge.swift in Sources */ = {isa = PBXBuildFile; fileRef = BD1950FD20C83BA24CFF2255 /* Challenge.swift */; };
		F8B0AE8B2E2622E1505C2F94 /* ChapterStatus.swift in Sources */ = {isa = PBXBuildFile; fileRef = 000C98B698730C074AF9126D /* ChapterStatus.swift */; };
/* End PBXBuildFile section */

/* Begin PBXFileReference section */
		000C98B698730C074AF9126D /* ChapterStatus.swift */ = {isa = PBXFileReference; lastKnownFileType = sourcecode.swift; path = ChapterStatus.swift; sourceTree = "<group>"; };
		301881456F5380EA9BF5401D /* ChallengeViewModel.swift */ = {isa = PBXFileReference; lastKnownFileType = sourcecode.swift; path = ChallengeViewModel.swift; sourceTree = "<group>"; };
		34B5CC642BD6C1121DCDA652 /* ChapterMetadata.swift */ = {isa = PBXFileReference; lastKnownFileType = sourcecode.swift; path = ChapterMetadata.swift; sourceTree = "<group>"; };
		3B79B6365E65B145931C9A0A /* ProgressRepository.swift */ = {isa = PBXFileReference; lastKnownFileType = sourcecode.swift; path = ProgressRepository.swift; sourceTree = "<group>"; };
		3F9A81C5040DC55B7E54F9A6 /* HomeViewModel.swift */ = {isa = PBXFileReference; lastKnownFileType = sourcecode.swift; path = HomeViewModel.swift; sourceTree = "<group>"; };
		5549AD17C2A6DB3BD1149625 /* SecretAssembler.swift */ = {isa = PBXFileReference; lastKnownFileType = sourcecode.swift; path = SecretAssembler.swift; sourceTree = "<group>"; };
		563676A4A56EEFC750920A87 /* InstrumentationJourney.app */ = {isa = PBXFileReference; includeInIndex = 0; lastKnownFileType = wrapper.application; path = InstrumentationJourney.app; sourceTree = BUILT_PRODUCTS_DIR; };
		5E215B185C2AF8C03ACA3AFA /* HomeView.swift */ = {isa = PBXFileReference; lastKnownFileType = sourcecode.swift; path = HomeView.swift; sourceTree = "<group>"; };
		638F92A7871B2C20B04506D0 /* InstrumentationJourneyApp.swift */ = {isa = PBXFileReference; lastKnownFileType = sourcecode.swift; path = InstrumentationJourneyApp.swift; sourceTree = "<group>"; };
		6A258F516014DCE8BE5091B8 /* ChapterCard.swift */ = {isa = PBXFileReference; lastKnownFileType = sourcecode.swift; path = ChapterCard.swift; sourceTree = "<group>"; };
		70184EDA058FBDC3E22BD10C /* Assets.xcassets */ = {isa = PBXFileReference; lastKnownFileType = folder.assetcatalog; path = Assets.xcassets; sourceTree = "<group>"; };
		747FCA2B1D2E6A91C97C76D5 /* TerminalLabel.swift */ = {isa = PBXFileReference; lastKnownFileType = sourcecode.swift; path = TerminalLabel.swift; sourceTree = "<group>"; };
		79DB91F498BC4871BD807989 /* ChapterRegistry.swift */ = {isa = PBXFileReference; lastKnownFileType = sourcecode.swift; path = ChapterRegistry.swift; sourceTree = "<group>"; };
		BD1950FD20C83BA24CFF2255 /* Challenge.swift */ = {isa = PBXFileReference; lastKnownFileType = sourcecode.swift; path = Challenge.swift; sourceTree = "<group>"; };
		CDF9D955C722BD15B7C7D01D /* AchievementView.swift */ = {isa = PBXFileReference; lastKnownFileType = sourcecode.swift; path = AchievementView.swift; sourceTree = "<group>"; };
		E4E6B25AC680A5713B9E4603 /* ChallengeView.swift */ = {isa = PBXFileReference; lastKnownFileType = sourcecode.swift; path = ChallengeView.swift; sourceTree = "<group>"; };
		E5881AFBF1E1965D62977222 /* AppTheme.swift */ = {isa = PBXFileReference; lastKnownFileType = sourcecode.swift; path = AppTheme.swift; sourceTree = "<group>"; };
/* End PBXFileReference section */

/* Begin PBXGroup section */
		07231D862BD69605FF783D83 /* Views */ = {
			isa = PBXGroup;
			children = (
				6A258F516014DCE8BE5091B8 /* ChapterCard.swift */,
				747FCA2B1D2E6A91C97C76D5 /* TerminalLabel.swift */,
			);
			path = Views;
			sourceTree = "<group>";
		};
		07753BC02C0EA987264891C0 /* Resources */ = {
			isa = PBXGroup;
			children = (
				70184EDA058FBDC3E22BD10C /* Assets.xcassets */,
			);
			path = Resources;
			sourceTree = "<group>";
		};
		07D6E12FBA2322E1183DA6C8 /* Achievement */ = {
			isa = PBXGroup;
			children = (
				CDF9D955C722BD15B7C7D01D /* AchievementView.swift */,
			);
			path = Achievement;
			sourceTree = "<group>";
		};
		136005CB52249F82B0A0D167 /* Theme */ = {
			isa = PBXGroup;
			children = (
				E5881AFBF1E1965D62977222 /* AppTheme.swift */,
			);
			path = Theme;
			sourceTree = "<group>";
		};
		47C24AEE5041B0C5560C2D2D /* Chapter01 */ = {
			isa = PBXGroup;
			children = (
				07D6E12FBA2322E1183DA6C8 /* Achievement */,
				DB854BF05A0B763A813DEF81 /* Challenge */,
			);
			path = Chapter01;
			sourceTree = "<group>";
		};
		4C88109F15FEFEC4EFB7A5FD /* InstrumentationJourney */ = {
			isa = PBXGroup;
			children = (
				BA0D18EB875A2C88F6139397 /* App */,
				55C023C1629A01AF50ACB51B /* Core */,
				5F88BE7171B77D0C10BC51B4 /* Data */,
				F3B6D1AF0E2705162429B03E /* Features */,
				07753BC02C0EA987264891C0 /* Resources */,
				CD0D4B99FF72B75F12933179 /* Shared */,
			);
			path = InstrumentationJourney;
			sourceTree = "<group>";
		};
		55C023C1629A01AF50ACB51B /* Core */ = {
			isa = PBXGroup;
			children = (
				6FAFE86DCC51572F7E993FE3 /* Challenge */,
				64DBC7658F049394FF888F54 /* Registry */,
				136005CB52249F82B0A0D167 /* Theme */,
			);
			path = Core;
			sourceTree = "<group>";
		};
		5F88BE7171B77D0C10BC51B4 /* Data */ = {
			isa = PBXGroup;
			children = (
				E5CB1039A027833B67049D70 /* Models */,
				DDAA0C15B33269F196026D30 /* Repositories */,
			);
			path = Data;
			sourceTree = "<group>";
		};
		64DBC7658F049394FF888F54 /* Registry */ = {
			isa = PBXGroup;
			children = (
				79DB91F498BC4871BD807989 /* ChapterRegistry.swift */,
			);
			path = Registry;
			sourceTree = "<group>";
		};
		6FAFE86DCC51572F7E993FE3 /* Challenge */ = {
			isa = PBXGroup;
			children = (
				BD1950FD20C83BA24CFF2255 /* Challenge.swift */,
			);
			path = Challenge;
			sourceTree = "<group>";
		};
		8BE0A1C7820AB51F55DB1387 /* Home */ = {
			isa = PBXGroup;
			children = (
				5E215B185C2AF8C03ACA3AFA /* HomeView.swift */,
				3F9A81C5040DC55B7E54F9A6 /* HomeViewModel.swift */,
			);
			path = Home;
			sourceTree = "<group>";
		};
		ABB13E8A24C4DCD691059D0A /* Products */ = {
			isa = PBXGroup;
			children = (
				563676A4A56EEFC750920A87 /* InstrumentationJourney.app */,
			);
			name = Products;
			sourceTree = "<group>";
		};
		BA0D18EB875A2C88F6139397 /* App */ = {
			isa = PBXGroup;
			children = (
				638F92A7871B2C20B04506D0 /* InstrumentationJourneyApp.swift */,
			);
			path = App;
			sourceTree = "<group>";
		};
		CD0D4B99FF72B75F12933179 /* Shared */ = {
			isa = PBXGroup;
			children = (
				07231D862BD69605FF783D83 /* Views */,
			);
			path = Shared;
			sourceTree = "<group>";
		};
		DB854BF05A0B763A813DEF81 /* Challenge */ = {
			isa = PBXGroup;
			children = (
				E4E6B25AC680A5713B9E4603 /* ChallengeView.swift */,
				301881456F5380EA9BF5401D /* ChallengeViewModel.swift */,
				5549AD17C2A6DB3BD1149625 /* SecretAssembler.swift */,
			);
			path = Challenge;
			sourceTree = "<group>";
		};
		DDAA0C15B33269F196026D30 /* Repositories */ = {
			isa = PBXGroup;
			children = (
				3B79B6365E65B145931C9A0A /* ProgressRepository.swift */,
			);
			path = Repositories;
			sourceTree = "<group>";
		};
		E1880605EB8A34B4239EF944 = {
			isa = PBXGroup;
			children = (
				4C88109F15FEFEC4EFB7A5FD /* InstrumentationJourney */,
				ABB13E8A24C4DCD691059D0A /* Products */,
			);
			sourceTree = "<group>";
		};
		E5CB1039A027833B67049D70 /* Models */ = {
			isa = PBXGroup;
			children = (
				34B5CC642BD6C1121DCDA652 /* ChapterMetadata.swift */,
				000C98B698730C074AF9126D /* ChapterStatus.swift */,
			);
			path = Models;
			sourceTree = "<group>";
		};
		F3B6D1AF0E2705162429B03E /* Features */ = {
			isa = PBXGroup;
			children = (
				47C24AEE5041B0C5560C2D2D /* Chapter01 */,
				8BE0A1C7820AB51F55DB1387 /* Home */,
			);
			path = Features;
			sourceTree = "<group>";
		};
/* End PBXGroup section */

/* Begin PBXNativeTarget section */
		6AF265C52D7A91BDFCF65D8E /* InstrumentationJourney */ = {
			isa = PBXNativeTarget;
			buildConfigurationList = A773EA3CB293B99656B17299 /* Build configuration list for PBXNativeTarget "InstrumentationJourney" */;
			buildPhases = (
				D603FE51DC5CBE091B97FAA3 /* Sources */,
				5DAD93126CC845062F8B6471 /* Resources */,
			);
			buildRules = (
			);
			dependencies = (
			);
			name = InstrumentationJourney;
			packageProductDependencies = (
			);
			productName = InstrumentationJourney;
			productReference = 563676A4A56EEFC750920A87 /* InstrumentationJourney.app */;
			productType = "com.apple.product-type.application";
		};
/* End PBXNativeTarget section */

/* Begin PBXProject section */
		EDD191488E9F3D5F790CB2A1 /* Project object */ = {
			isa = PBXProject;
			attributes = {
				BuildIndependentTargetsInParallel = YES;
				LastUpgradeCheck = 1600;
				TargetAttributes = {
					6AF265C52D7A91BDFCF65D8E = {
						DevelopmentTeam = JRF6244U5C;
						ProvisioningStyle = Automatic;
					};
				};
			};
			buildConfigurationList = 30FA8B58026DB31088D74819 /* Build configuration list for PBXProject "InstrumentationJourney" */;
			developmentRegion = en;
			hasScannedForEncodings = 0;
			knownRegions = (
				Base,
				en,
			);
			mainGroup = E1880605EB8A34B4239EF944;
			minimizedProjectReferenceProxies = 1;
			preferredProjectObjectVersion = 77;
			productRefGroup = ABB13E8A24C4DCD691059D0A /* Products */;
			projectDirPath = "";
			projectRoot = "";
			targets = (
				6AF265C52D7A91BDFCF65D8E /* InstrumentationJourney */,
			);
		};
/* End PBXProject section */

/* Begin PBXResourcesBuildPhase section */
		5DAD93126CC845062F8B6471 /* Resources */ = {
			isa = PBXResourcesBuildPhase;
			buildActionMask = 2147483647;
			files = (
				48B5B2AE4DD02D011AF5875A /* Assets.xcassets in Resources */,
			);
			runOnlyForDeploymentPostprocessing = 0;
		};
/* End PBXResourcesBuildPhase section */

/* Begin PBXSourcesBuildPhase section */
		D603FE51DC5CBE091B97FAA3 /* Sources */ = {
			isa = PBXSourcesBuildPhase;
			buildActionMask = 2147483647;
			files = (
				BF42A4018051FD7C53048F47 /* AchievementView.swift in Sources */,
				2D135C2EF9DAD22E9B228CF6 /* AppTheme.swift in Sources */,
				F72CF36F566776B91B0A46F1 /* Challenge.swift in Sources */,
				C8B2504B0AA8CBD66CF553DA /* ChallengeView.swift in Sources */,
				B7787C11899DE6758AA504EE /* ChallengeViewModel.swift in Sources */,
				05D14096A1D3A2082909368A /* ChapterCard.swift in Sources */,
				7EA5BC6B2EB61D186C1C85BC /* ChapterMetadata.swift in Sources */,
				391A26A1A64813279C2BF48C /* ChapterRegistry.swift in Sources */,
				F8B0AE8B2E2622E1505C2F94 /* ChapterStatus.swift in Sources */,
				E56AC41D78282DC2BB138486 /* HomeView.swift in Sources */,
				AC66095548910E2A76268BE3 /* HomeViewModel.swift in Sources */,
				030571207C6334BD9786559F /* InstrumentationJourneyApp.swift in Sources */,
				3B58DE54140AA9FFCC45E734 /* ProgressRepository.swift in Sources */,
				4932F6616D87297F0E469389 /* SecretAssembler.swift in Sources */,
				455F59E6A346CC18D67B279D /* TerminalLabel.swift in Sources */,
			);
			runOnlyForDeploymentPostprocessing = 0;
		};
/* End PBXSourcesBuildPhase section */

/* Begin XCBuildConfiguration section */
		235B5A2CEB08CA0E629BFACA /* Debug */ = {
			isa = XCBuildConfiguration;
			buildSettings = {
				ALWAYS_SEARCH_USER_PATHS = NO;
				CLANG_ANALYZER_NONNULL = YES;
				CLANG_ANALYZER_NUMBER_OBJECT_CONVERSION = YES_AGGRESSIVE;
				CLANG_CXX_LANGUAGE_STANDARD = "gnu++14";
				CLANG_CXX_LIBRARY = "libc++";
				CLANG_ENABLE_MODULES = YES;
				CLANG_ENABLE_OBJC_ARC = YES;
				CLANG_ENABLE_OBJC_WEAK = YES;
				CLANG_WARN_BLOCK_CAPTURE_AUTORELEASING = YES;
				CLANG_WARN_BOOL_CONVERSION = YES;
				CLANG_WARN_COMMA = YES;
				CLANG_WARN_CONSTANT_CONVERSION = YES;
				CLANG_WARN_DEPRECATED_OBJC_IMPLEMENTATIONS = YES;
				CLANG_WARN_DIRECT_OBJC_ISA_USAGE = YES_ERROR;
				CLANG_WARN_DOCUMENTATION_COMMENTS = YES;
				CLANG_WARN_EMPTY_BODY = YES;
				CLANG_WARN_ENUM_CONVERSION = YES;
				CLANG_WARN_INFINITE_RECURSION = YES;
				CLANG_WARN_INT_CONVERSION = YES;
				CLANG_WARN_NON_LITERAL_NULL_CONVERSION = YES;
				CLANG_WARN_OBJC_IMPLICIT_RETAIN_SELF = YES;
				CLANG_WARN_OBJC_LITERAL_CONVERSION = YES;
				CLANG_WARN_OBJC_ROOT_CLASS = YES_ERROR;
				CLANG_WARN_QUOTED_INCLUDE_IN_FRAMEWORK_HEADER = YES;
				CLANG_WARN_RANGE_LOOP_ANALYSIS = YES;
				CLANG_WARN_STRICT_PROTOTYPES = YES;
				CLANG_WARN_SUSPICIOUS_MOVE = YES;
				CLANG_WARN_UNGUARDED_AVAILABILITY = YES_AGGRESSIVE;
				CLANG_WARN_UNREACHABLE_CODE = YES;
				CLANG_WARN__DUPLICATE_METHOD_MATCH = YES;
				COPY_PHASE_STRIP = NO;
				DEBUG_INFORMATION_FORMAT = dwarf;
				DEVELOPMENT_TEAM = JRF6244U5C;
				ENABLE_BITCODE = NO;
				ENABLE_STRICT_OBJC_MSGSEND = YES;
				ENABLE_TESTABILITY = YES;
				GCC_C_LANGUAGE_STANDARD = gnu11;
				GCC_DYNAMIC_NO_PIC = NO;
				GCC_NO_COMMON_BLOCKS = YES;
				GCC_OPTIMIZATION_LEVEL = 0;
				GCC_PREPROCESSOR_DEFINITIONS = (
					"$(inherited)",
					"DEBUG=1",
				);
				GCC_WARN_64_TO_32_BIT_CONVERSION = YES;
				GCC_WARN_ABOUT_RETURN_TYPE = YES_ERROR;
				GCC_WARN_UNDECLARED_SELECTOR = YES;
				GCC_WARN_UNINITIALIZED_AUTOS = YES_AGGRESSIVE;
				GCC_WARN_UNUSED_FUNCTION = YES;
				GCC_WARN_UNUSED_VARIABLE = YES;
				IPHONEOS_DEPLOYMENT_TARGET = 16.0;
				MTL_ENABLE_DEBUG_INFO = INCLUDE_SOURCE;
				MTL_FAST_MATH = YES;
				ONLY_ACTIVE_ARCH = YES;
				PRODUCT_NAME = "$(TARGET_NAME)";
				SDKROOT = iphoneos;
				SWIFT_ACTIVE_COMPILATION_CONDITIONS = DEBUG;
				SWIFT_OPTIMIZATION_LEVEL = "-Onone";
				SWIFT_VERSION = 5.9;
				TARGETED_DEVICE_FAMILY = "1,2";
			};
			name = Debug;
		};
		4782EB9BEE45BF14BAA50FB6 /* Release */ = {
			isa = XCBuildConfiguration;
			buildSettings = {
				ALWAYS_SEARCH_USER_PATHS = NO;
				CLANG_ANALYZER_NONNULL = YES;
				CLANG_ANALYZER_NUMBER_OBJECT_CONVERSION = YES_AGGRESSIVE;
				CLANG_CXX_LANGUAGE_STANDARD = "gnu++14";
				CLANG_CXX_LIBRARY = "libc++";
				CLANG_ENABLE_MODULES = YES;
				CLANG_ENABLE_OBJC_ARC = YES;
				CLANG_ENABLE_OBJC_WEAK = YES;
				CLANG_WARN_BLOCK_CAPTURE_AUTORELEASING = YES;
				CLANG_WARN_BOOL_CONVERSION = YES;
				CLANG_WARN_COMMA = YES;
				CLANG_WARN_CONSTANT_CONVERSION = YES;
				CLANG_WARN_DEPRECATED_OBJC_IMPLEMENTATIONS = YES;
				CLANG_WARN_DIRECT_OBJC_ISA_USAGE = YES_ERROR;
				CLANG_WARN_DOCUMENTATION_COMMENTS = YES;
				CLANG_WARN_EMPTY_BODY = YES;
				CLANG_WARN_ENUM_CONVERSION = YES;
				CLANG_WARN_INFINITE_RECURSION = YES;
				CLANG_WARN_INT_CONVERSION = YES;
				CLANG_WARN_NON_LITERAL_NULL_CONVERSION = YES;
				CLANG_WARN_OBJC_IMPLICIT_RETAIN_SELF = YES;
				CLANG_WARN_OBJC_LITERAL_CONVERSION = YES;
				CLANG_WARN_OBJC_ROOT_CLASS = YES_ERROR;
				CLANG_WARN_QUOTED_INCLUDE_IN_FRAMEWORK_HEADER = YES;
				CLANG_WARN_RANGE_LOOP_ANALYSIS = YES;
				CLANG_WARN_STRICT_PROTOTYPES = YES;
				CLANG_WARN_SUSPICIOUS_MOVE = YES;
				CLANG_WARN_UNGUARDED_AVAILABILITY = YES_AGGRESSIVE;
				CLANG_WARN_UNREACHABLE_CODE = YES;
				CLANG_WARN__DUPLICATE_METHOD_MATCH = YES;
				COPY_PHASE_STRIP = NO;
				DEBUG_INFORMATION_FORMAT = "dwarf-with-dsym";
				DEVELOPMENT_TEAM = JRF6244U5C;
				ENABLE_BITCODE = NO;
				ENABLE_NS_ASSERTIONS = NO;
				ENABLE_STRICT_OBJC_MSGSEND = YES;
				GCC_C_LANGUAGE_STANDARD = gnu11;
				GCC_NO_COMMON_BLOCKS = YES;
				GCC_WARN_64_TO_32_BIT_CONVERSION = YES;
				GCC_WARN_ABOUT_RETURN_TYPE = YES_ERROR;
				GCC_WARN_UNDECLARED_SELECTOR = YES;
				GCC_WARN_UNINITIALIZED_AUTOS = YES_AGGRESSIVE;
				GCC_WARN_UNUSED_FUNCTION = YES;
				GCC_WARN_UNUSED_VARIABLE = YES;
				IPHONEOS_DEPLOYMENT_TARGET = 16.0;
				MTL_ENABLE_DEBUG_INFO = NO;
				MTL_FAST_MATH = YES;
				PRODUCT_NAME = "$(TARGET_NAME)";
				SDKROOT = iphoneos;
				SWIFT_COMPILATION_MODE = wholemodule;
				SWIFT_OPTIMIZATION_LEVEL = "-O";
				SWIFT_VERSION = 5.9;
				TARGETED_DEVICE_FAMILY = "1,2";
			};
			name = Release;
		};
		D53FA90C21BB50A96FD5EFA1 /* Release */ = {
			isa = XCBuildConfiguration;
			buildSettings = {
				ASSETCATALOG_COMPILER_APPICON_NAME = AppIcon;
				CODE_SIGN_ENTITLEMENTS = InstrumentationJourney/Resources/InstrumentationJourney.entitlements;
				CODE_SIGN_IDENTITY = "iPhone Developer";
				CODE_SIGN_STYLE = Automatic;
				DEBUG_INFORMATION_FORMAT = "dwarf-with-dsym";
				GENERATE_INFOPLIST_FILE = YES;
				INFOPLIST_KEY_UIApplicationSceneManifest_Generation = YES;
				INFOPLIST_KEY_UILaunchScreen_Generation = YES;
				INFOPLIST_KEY_UISupportedInterfaceOrientations_iPad = "UIInterfaceOrientationPortrait UIInterfaceOrientationPortraitUpsideDown UIInterfaceOrientationLandscapeLeft UIInterfaceOrientationLandscapeRight";
				INFOPLIST_KEY_UISupportedInterfaceOrientations_iPhone = UIInterfaceOrientationPortrait;
				IPHONEOS_DEPLOYMENT_TARGET = 16.0;
				LD_RUNPATH_SEARCH_PATHS = (
					"$(inherited)",
					"@executable_path/Frameworks",
				);
				PRODUCT_BUNDLE_IDENTIFIER = dev.instrumentation.instrumentationJourney;
				PRODUCT_NAME = InstrumentationJourney;
				SDKROOT = iphoneos;
				SWIFT_EMIT_LOC_STRINGS = YES;
				SWIFT_OPTIMIZATION_LEVEL = "-O";
				TARGETED_DEVICE_FAMILY = "1,2";
			};
			name = Release;
		};
		FE9540406A0B219D8D0D28AC /* Debug */ = {
			isa = XCBuildConfiguration;
			buildSettings = {
				ASSETCATALOG_COMPILER_APPICON_NAME = AppIcon;
				CODE_SIGN_ENTITLEMENTS = InstrumentationJourney/Resources/InstrumentationJourney.entitlements;
				CODE_SIGN_IDENTITY = "iPhone Developer";
				CODE_SIGN_STYLE = Automatic;
				DEBUG_INFORMATION_FORMAT = dwarf;
				GENERATE_INFOPLIST_FILE = YES;
				INFOPLIST_KEY_UIApplicationSceneManifest_Generation = YES;
				INFOPLIST_KEY_UILaunchScreen_Generation = YES;
				INFOPLIST_KEY_UISupportedInterfaceOrientations_iPad = "UIInterfaceOrientationPortrait UIInterfaceOrientationPortraitUpsideDown UIInterfaceOrientationLandscapeLeft UIInterfaceOrientationLandscapeRight";
				INFOPLIST_KEY_UISupportedInterfaceOrientations_iPhone = UIInterfaceOrientationPortrait;
				IPHONEOS_DEPLOYMENT_TARGET = 16.0;
				LD_RUNPATH_SEARCH_PATHS = (
					"$(inherited)",
					"@executable_path/Frameworks",
				);
				PRODUCT_BUNDLE_IDENTIFIER = dev.instrumentation.instrumentationJourney;
				PRODUCT_NAME = InstrumentationJourney;
				SDKROOT = iphoneos;
				SWIFT_EMIT_LOC_STRINGS = YES;
				SWIFT_OPTIMIZATION_LEVEL = "-Onone";
				TARGETED_DEVICE_FAMILY = "1,2";
			};
			name = Debug;
		};
/* End XCBuildConfiguration section */

/* Begin XCConfigurationList section */
		30FA8B58026DB31088D74819 /* Build configuration list for PBXProject "InstrumentationJourney" */ = {
			isa = XCConfigurationList;
			buildConfigurations = (
				235B5A2CEB08CA0E629BFACA /* Debug */,
				4782EB9BEE45BF14BAA50FB6 /* Release */,
			);
			defaultConfigurationIsVisible = 0;
			defaultConfigurationName = Debug;
		};
		A773EA3CB293B99656B17299 /* Build configuration list for PBXNativeTarget "InstrumentationJourney" */ = {
			isa = XCConfigurationList;
			buildConfigurations = (
				FE9540406A0B219D8D0D28AC /* Debug */,
				D53FA90C21BB50A96FD5EFA1 /* Release */,
			);
			defaultConfigurationIsVisible = 0;
			defaultConfigurationName = Debug;
		};
/* End XCConfigurationList section */
	};
	rootObject = EDD191488E9F3D5F790CB2A1 /* Project object */;
}
